{
  "nodes": {
    "flake-compat": {
      "flake": false,
      "locked": {
        "lastModified": 1627913399,
        "narHash": "sha256-hY8g6H2KFL8ownSiFeMOjwPC8P0ueXpCVEbxgda3pko=",
        "owner": "edolstra",
        "repo": "flake-compat",
        "rev": "12c64ca55c1014cdc1b16ed5a804aa8576601ff2",
        "type": "github"
      },
      "original": {
        "owner": "edolstra",
        "repo": "flake-compat",
        "type": "github"
      }
    },
    "nixpkgs": {
      "locked": {
        "lastModified": 1641004461,
        "narHash": "sha256-wXPGK1rwXa27ATtDwLB1n/ZrghxBh/JW43ee8vmfJt4=",
        "owner": "nixos",
        "repo": "nixpkgs",
        "rev": "e1eeb53e64159fbb2610ba7810ed511e4d5c10ca",
        "type": "github"
      },
      "original": {
        "owner": "nixos",
        "ref": "e1eeb53e64159fbb2610ba7810ed511e4d5c10ca",
        "repo": "nixpkgs",
        "type": "github"
      }
    },
    "root": {
      "inputs": {
        "flake-compat": "flake-compat",
        "nixpkgs": "nixpkgs"
      }
    }
  },
  "root": "root",
  "version": 7
}
